
Microsoft Visual Studio Solution File, Format Version 12.00
# Visual Studio 2012
Project("{FAE04EC0-301F-11D3-BF4B-00C04F79EFBC}") = "com.kiranpatel.crimecluster.webservice", "com.kiranpatel.crimecluster.webservice\com.kiranpatel.crimecluster.webservice.csproj", "{5A34DAAC-5DDC-4067-B223-907C8A306B25}"
EndProject
Project("{FAE04EC0-301F-11D3-BF4B-00C04F79EFBC}") = "com.kiranpatel.crimecluster.dataaccess", "com.kiranpatel.crimecluster.dataaccess\com.kiranpatel.crimecluster.dataaccess.csproj", "{D103B235-CA0F-4B9C-8C96-1EBB8600942E}"
EndProject
Project("{FAE04EC0-301F-11D3-BF4B-00C04F79EFBC}") = "com.kiranpatel.crimecluster.framework", "com.kiranpatel.crimecluster.framework\com.kiranpatel.crimecluster.framework.csproj", "{83C41F6D-4D1D-458A-9B12-EDB646B87267}"
EndProject
Project("{FAE04EC0-301F-11D3-BF4B-00C04F79EFBC}") = "com.kiranpatel.crimecluster.framework.tests", "com.kiranpatel.crimecluster.framework.tests\com.kiranpatel.crimecluster.framework.tests.csproj", "{C65DCD83-AD4A-47B0-81D0-9B8E40D67816}"
EndProject
Project("{FAE04EC0-301F-11D3-BF4B-00C04F79EFBC}") = "com.kiranpatel.crimecluster.webservice.tests", "com.kiranpatel.crimecluster.webservice.tests\com.kiranpatel.crimecluster.webservice.tests.csproj", "{18B5D6BA-138D-4507-BA72-F706AC4EF1D6}"
EndProject
Global
	GlobalSection(SolutionConfigurationPlatforms) = preSolution
		Debug|Any CPU = Debug|Any CPU
		Release|Any CPU = Release|Any CPU
	EndGlobalSection
	GlobalSection(ProjectConfigurationPlatforms) = postSolution
		{5A34DAAC-5DDC-4067-B223-907C8A306B25}.Debug|Any CPU.ActiveCfg = Debug|Any CPU
		{5A34DAAC-5DDC-4067-B223-907C8A306B25}.Debug|Any CPU.Build.0 = Debug|Any CPU
		{5A34DAAC-5DDC-4067-B223-907C8A306B25}.Release|Any CPU.ActiveCfg = Release|Any CPU
		{5A34DAAC-5DDC-4067-B223-907C8A306B25}.Release|Any CPU.Build.0 = Release|Any CPU
		{D103B235-CA0F-4B9C-8C96-1EBB8600942E}.Debug|Any CPU.ActiveCfg = Debug|Any CPU
		{D103B235-CA0F-4B9C-8C96-1EBB8600942E}.Debug|Any CPU.Build.0 = Debug|Any CPU
		{D103B235-CA0F-4B9C-8C96-1EBB8600942E}.Release|Any CPU.ActiveCfg = Release|Any CPU
		{D103B235-CA0F-4B9C-8C96-1EBB8600942E}.Release|Any CPU.Build.0 = Release|Any CPU
		{83C41F6D-4D1D-458A-9B12-EDB646B87267}.Debug|Any CPU.ActiveCfg = Debug|Any CPU
		{83C41F6D-4D1D-458A-9B12-EDB646B87267}.Debug|Any CPU.Build.0 = Debug|Any CPU
		{83C41F6D-4D1D-458A-9B12-EDB646B87267}.Release|Any CPU.ActiveCfg = Release|Any CPU
		{83C41F6D-4D1D-458A-9B12-EDB646B87267}.Release|Any CPU.Build.0 = Release|Any CPU
		{C65DCD83-AD4A-47B0-81D0-9B8E40D67816}.Debug|Any CPU.ActiveCfg = Debug|Any CPU
		{C65DCD83-AD4A-47B0-81D0-9B8E40D67816}.Debug|Any CPU.Build.0 = Debug|Any CPU
		{C65DCD83-AD4A-47B0-81D0-9B8E40D67816}.Release|Any CPU.ActiveCfg = Release|Any CPU
		{C65DCD83-AD4A-47B0-81D0-9B8E40D67816}.Release|Any CPU.Build.0 = Release|Any CPU
		{18B5D6BA-138D-4507-BA72-F706AC4EF1D6}.Debug|Any CPU.ActiveCfg = Debug|Any CPU
		{18B5D6BA-138D-4507-BA72-F706AC4EF1D6}.Debug|Any CPU.Build.0 = Debug|Any CPU
		{18B5D6BA-138D-4507-BA72-F706AC4EF1D6}.Release|Any CPU.ActiveCfg = Release|Any CPU
		{18B5D6BA-138D-4507-BA72-F706AC4EF1D6}.Release|Any CPU.Build.0 = Release|Any CPU
	EndGlobalSection
EndGlobal
